
Microsoft Visual Studio Solution File, Format Version 12.00
# Visual Studio Version 17
VisualStudioVersion = 17.2.32505.173
MinimumVisualStudioVersion = 10.0.40219.1
Project("{9A19103F-16F7-4668-BE54-9A1E7A4F7556}") = "TaskBoard_APITests", "APITests\TaskBoard_APITests.csproj", "{07930720-9BD7-4DE9-BEFC-D0A8B9A8CF46}"
EndProject
Project("{9A19103F-16F7-4668-BE54-9A1E7A4F7556}") = "TaskBoard_WebDriverTests", "WebDriverTests\TaskBoard_WebDriverTests.csproj", "{56817C40-1991-42F7-8207-F6F71575DAF9}"
EndProject
Project("{9A19103F-16F7-4668-BE54-9A1E7A4F7556}") = "TaskBoard_DesktopClientTests", "DesktopClientTests\TaskBoard_DesktopClientTests.csproj", "{B7296E2F-BA38-4628-976B-6B331EA70C0E}"
EndProject
Global
	GlobalSection(SolutionConfigurationPlatforms) = preSolution
		Debug|Any CPU = Debug|Any CPU
		Release|Any CPU = Release|Any CPU
	EndGlobalSection
	GlobalSection(ProjectConfigurationPlatforms) = postSolution
		{07930720-9BD7-4DE9-BEFC-D0A8B9A8CF46}.Debug|Any CPU.ActiveCfg = Debug|Any CPU
		{07930720-9BD7-4DE9-BEFC-D0A8B9A8CF46}.Debug|Any CPU.Build.0 = Debug|Any CPU
		{07930720-9BD7-4DE9-BEFC-D0A8B9A8CF46}.Release|Any CPU.ActiveCfg = Release|Any CPU
		{07930720-9BD7-4DE9-BEFC-D0A8B9A8CF46}.Release|Any CPU.Build.0 = Release|Any CPU
		{56817C40-1991-42F7-8207-F6F71575DAF9}.Debug|Any CPU.ActiveCfg = Debug|Any CPU
		{56817C40-1991-42F7-8207-F6F71575DAF9}.Debug|Any CPU.Build.0 = Debug|Any CPU
		{56817C40-1991-42F7-8207-F6F71575DAF9}.Release|Any CPU.ActiveCfg = Release|Any CPU
		{56817C40-1991-42F7-8207-F6F71575DAF9}.Release|Any CPU.Build.0 = Release|Any CPU
		{B7296E2F-BA38-4628-976B-6B331EA70C0E}.Debug|Any CPU.ActiveCfg = Debug|Any CPU
		{B7296E2F-BA38-4628-976B-6B331EA70C0E}.Debug|Any CPU.Build.0 = Debug|Any CPU
		{B7296E2F-BA38-4628-976B-6B331EA70C0E}.Release|Any CPU.ActiveCfg = Release|Any CPU
		{B7296E2F-BA38-4628-976B-6B331EA70C0E}.Release|Any CPU.Build.0 = Release|Any CPU
	EndGlobalSection
	GlobalSection(SolutionProperties) = preSolution
		HideSolutionNode = FALSE
	EndGlobalSection
	GlobalSection(ExtensibilityGlobals) = postSolution
		SolutionGuid = {6F9B25B3-57F2-4667-A79B-71B2DDDA2305}
	EndGlobalSection
EndGlobal
