
Microsoft Visual Studio Solution File, Format Version 12.00
# Visual Studio Version 17
VisualStudioVersion = 17.2.32505.173
MinimumVisualStudioVersion = 10.0.40219.1
Project("{9A19103F-16F7-4668-BE54-9A1E7A4F7556}") = "RestSharp_Github_Demo", "RestSharp_Github_Demo\RestSharp_Github_Demo.csproj", "{B7EB1A9C-0E00-4862-8B5E-850CE90625F5}"
EndProject
Project("{9A19103F-16F7-4668-BE54-9A1E7A4F7556}") = "Test_GitHubApi_RestSharp", "Test_GitHubApi_RestSharp\Test_GitHubApi_RestSharp.csproj", "{6EF28248-E836-4720-B698-9770B62D3D8C}"
EndProject
Project("{9A19103F-16F7-4668-BE54-9A1E7A4F7556}") = "ZippopotamusApiTest", "ZipopotamusApiTest\ZippopotamusApiTest.csproj", "{E1ED885E-548E-46E1-80B7-2C0A87812066}"
EndProject
Global
	GlobalSection(SolutionConfigurationPlatforms) = preSolution
		Debug|Any CPU = Debug|Any CPU
		Release|Any CPU = Release|Any CPU
	EndGlobalSection
	GlobalSection(ProjectConfigurationPlatforms) = postSolution
		{B7EB1A9C-0E00-4862-8B5E-850CE90625F5}.Debug|Any CPU.ActiveCfg = Debug|Any CPU
		{B7EB1A9C-0E00-4862-8B5E-850CE90625F5}.Debug|Any CPU.Build.0 = Debug|Any CPU
		{B7EB1A9C-0E00-4862-8B5E-850CE90625F5}.Release|Any CPU.ActiveCfg = Release|Any CPU
		{B7EB1A9C-0E00-4862-8B5E-850CE90625F5}.Release|Any CPU.Build.0 = Release|Any CPU
		{6EF28248-E836-4720-B698-9770B62D3D8C}.Debug|Any CPU.ActiveCfg = Debug|Any CPU
		{6EF28248-E836-4720-B698-9770B62D3D8C}.Debug|Any CPU.Build.0 = Debug|Any CPU
		{6EF28248-E836-4720-B698-9770B62D3D8C}.Release|Any CPU.ActiveCfg = Release|Any CPU
		{6EF28248-E836-4720-B698-9770B62D3D8C}.Release|Any CPU.Build.0 = Release|Any CPU
		{E1ED885E-548E-46E1-80B7-2C0A87812066}.Debug|Any CPU.ActiveCfg = Debug|Any CPU
		{E1ED885E-548E-46E1-80B7-2C0A87812066}.Debug|Any CPU.Build.0 = Debug|Any CPU
		{E1ED885E-548E-46E1-80B7-2C0A87812066}.Release|Any CPU.ActiveCfg = Release|Any CPU
		{E1ED885E-548E-46E1-80B7-2C0A87812066}.Release|Any CPU.Build.0 = Release|Any CPU
	EndGlobalSection
	GlobalSection(SolutionProperties) = preSolution
		HideSolutionNode = FALSE
	EndGlobalSection
	GlobalSection(ExtensibilityGlobals) = postSolution
		SolutionGuid = {970A4615-87E8-4A77-A35F-01AB658B9A81}
	EndGlobalSection
EndGlobal
